
Microsoft Visual Studio Solution File, Format Version 12.00
# Visual Studio 14
VisualStudioVersion = 14.0.25123.0
MinimumVisualStudioVersion = 10.0.40219.1
Project("{FAE04EC0-301F-11D3-BF4B-00C04F79EFBC}") = "Part3D", "Part3D\Part3D.csproj", "{3DF06E2E-2451-4201-83B4-A26C9D37D482}"
EndProject
Project("{FAE04EC0-301F-11D3-BF4B-00C04F79EFBC}") = "DbManager", "DbManager\DbManager.csproj", "{CB0D0BF7-A8E6-4DC4-8B8D-554CF86F6D29}"
EndProject
Project("{FAE04EC0-301F-11D3-BF4B-00C04F79EFBC}") = "JqueryMobile", "JqueryMobile\JqueryMobile.csproj", "{134A1FEC-4446-476D-92B2-5F3754DA1914}"
EndProject
Global
	GlobalSection(SolutionConfigurationPlatforms) = preSolution
		Debug|Any CPU = Debug|Any CPU
		Release|Any CPU = Release|Any CPU
	EndGlobalSection
	GlobalSection(ProjectConfigurationPlatforms) = postSolution
		{3DF06E2E-2451-4201-83B4-A26C9D37D482}.Debug|Any CPU.ActiveCfg = Debug|Any CPU
		{3DF06E2E-2451-4201-83B4-A26C9D37D482}.Debug|Any CPU.Build.0 = Debug|Any CPU
		{3DF06E2E-2451-4201-83B4-A26C9D37D482}.Release|Any CPU.ActiveCfg = Release|Any CPU
		{3DF06E2E-2451-4201-83B4-A26C9D37D482}.Release|Any CPU.Build.0 = Release|Any CPU
		{CB0D0BF7-A8E6-4DC4-8B8D-554CF86F6D29}.Debug|Any CPU.ActiveCfg = Debug|Any CPU
		{CB0D0BF7-A8E6-4DC4-8B8D-554CF86F6D29}.Debug|Any CPU.Build.0 = Debug|Any CPU
		{CB0D0BF7-A8E6-4DC4-8B8D-554CF86F6D29}.Release|Any CPU.ActiveCfg = Release|Any CPU
		{CB0D0BF7-A8E6-4DC4-8B8D-554CF86F6D29}.Release|Any CPU.Build.0 = Release|Any CPU
		{134A1FEC-4446-476D-92B2-5F3754DA1914}.Debug|Any CPU.ActiveCfg = Debug|Any CPU
		{134A1FEC-4446-476D-92B2-5F3754DA1914}.Debug|Any CPU.Build.0 = Debug|Any CPU
		{134A1FEC-4446-476D-92B2-5F3754DA1914}.Release|Any CPU.ActiveCfg = Release|Any CPU
		{134A1FEC-4446-476D-92B2-5F3754DA1914}.Release|Any CPU.Build.0 = Release|Any CPU
	EndGlobalSection
	GlobalSection(SolutionProperties) = preSolution
		HideSolutionNode = FALSE
	EndGlobalSection
EndGlobal
